
Microsoft Visual Studio Solution File, Format Version 12.00
# Visual Studio Version 16
VisualStudioVersion = 16.0.31129.286
MinimumVisualStudioVersion = 10.0.40219.1
Project("{FAE04EC0-301F-11D3-BF4B-00C04F79EFBC}") = "LaboratorioSystem", "LaboratorioSystem\LaboratorioSystem.csproj", "{775B61C7-C448-46C7-9581-559D02E19028}"
EndProject
Global
	GlobalSection(SolutionConfigurationPlatforms) = preSolution
		Debug|Any CPU = Debug|Any CPU
		Release|Any CPU = Release|Any CPU
	EndGlobalSection
	GlobalSection(ProjectConfigurationPlatforms) = postSolution
		{775B61C7-C448-46C7-9581-559D02E19028}.Debug|Any CPU.ActiveCfg = Debug|Any CPU
		{775B61C7-C448-46C7-9581-559D02E19028}.Debug|Any CPU.Build.0 = Debug|Any CPU
		{775B61C7-C448-46C7-9581-559D02E19028}.Release|Any CPU.ActiveCfg = Release|Any CPU
		{775B61C7-C448-46C7-9581-559D02E19028}.Release|Any CPU.Build.0 = Release|Any CPU
	EndGlobalSection
	GlobalSection(SolutionProperties) = preSolution
		HideSolutionNode = FALSE
	EndGlobalSection
	GlobalSection(ExtensibilityGlobals) = postSolution
		SolutionGuid = {0D79BC11-BFA2-47C0-9534-9901A688D255}
	EndGlobalSection
EndGlobal
